
Microsoft Visual Studio Solution File, Format Version 12.00
# Visual Studio Version 16
VisualStudioVersion = 16.0.32413.119
MinimumVisualStudioVersion = 10.0.40219.1
Project("{FAE04EC0-301F-11D3-BF4B-00C04F79EFBC}") = "PPTVideo", "PPTVideo\PPTVideo.csproj", "{A7742F56-B52C-4431-99DC-CB5FF267989A}"
EndProject
Global
	GlobalSection(SolutionConfigurationPlatforms) = preSolution
		Debug|Any CPU = Debug|Any CPU
		Release|Any CPU = Release|Any CPU
	EndGlobalSection
	GlobalSection(ProjectConfigurationPlatforms) = postSolution
		{A7742F56-B52C-4431-99DC-CB5FF267989A}.Debug|Any CPU.ActiveCfg = Debug|Any CPU
		{A7742F56-B52C-4431-99DC-CB5FF267989A}.Debug|Any CPU.Build.0 = Debug|Any CPU
		{A7742F56-B52C-4431-99DC-CB5FF267989A}.Release|Any CPU.ActiveCfg = Release|Any CPU
		{A7742F56-B52C-4431-99DC-CB5FF267989A}.Release|Any CPU.Build.0 = Release|Any CPU
	EndGlobalSection
	GlobalSection(SolutionProperties) = preSolution
		HideSolutionNode = FALSE
	EndGlobalSection
	GlobalSection(ExtensibilityGlobals) = postSolution
		SolutionGuid = {0DBA5507-81C7-4ACE-8084-5A2E1C4A011D}
	EndGlobalSection
EndGlobal
